
Microsoft Visual Studio Solution File, Format Version 12.00
# Visual Studio Version 17
VisualStudioVersion = 17.10.35027.167
MinimumVisualStudioVersion = 10.0.40219.1
Project("{FAE04EC0-301F-11D3-BF4B-00C04F79EFBC}") = "MovieRazor", "MovieRazor\MovieRazor.csproj", "{3C6829F8-9C9A-41CE-8131-EF2EAE85F499}"
EndProject
Global
	GlobalSection(SolutionConfigurationPlatforms) = preSolution
		Debug|Any CPU = Debug|Any CPU
		Release|Any CPU = Release|Any CPU
	EndGlobalSection
	GlobalSection(ProjectConfigurationPlatforms) = postSolution
		{3C6829F8-9C9A-41CE-8131-EF2EAE85F499}.Debug|Any CPU.ActiveCfg = Debug|Any CPU
		{3C6829F8-9C9A-41CE-8131-EF2EAE85F499}.Debug|Any CPU.Build.0 = Debug|Any CPU
		{3C6829F8-9C9A-41CE-8131-EF2EAE85F499}.Release|Any CPU.ActiveCfg = Release|Any CPU
		{3C6829F8-9C9A-41CE-8131-EF2EAE85F499}.Release|Any CPU.Build.0 = Release|Any CPU
	EndGlobalSection
	GlobalSection(SolutionProperties) = preSolution
		HideSolutionNode = FALSE
	EndGlobalSection
	GlobalSection(ExtensibilityGlobals) = postSolution
		SolutionGuid = {C2E00D9A-E8F0-401B-B998-B7D4E08F7F7B}
	EndGlobalSection
EndGlobal
